
Microsoft Visual Studio Solution File, Format Version 12.00
# Visual Studio Version 17
VisualStudioVersion = 17.4.33205.214
MinimumVisualStudioVersion = 10.0.40219.1
Project("{FAE04EC0-301F-11D3-BF4B-00C04F79EFBC}") = "GitDemoApp.Android", "GitDemoApp\GitDemoApp.Android\GitDemoApp.Android.csproj", "{6A495C33-0AFE-4203-9F0B-F73EE9D401DC}"
EndProject
Project("{FAE04EC0-301F-11D3-BF4B-00C04F79EFBC}") = "GitDemoApp.iOS", "GitDemoApp\GitDemoApp.iOS\GitDemoApp.iOS.csproj", "{7540728E-C52B-46A5-949D-21E61933FBE7}"
EndProject
Project("{FAE04EC0-301F-11D3-BF4B-00C04F79EFBC}") = "GitDemoApp", "GitDemoApp\GitDemoApp\GitDemoApp.csproj", "{F634CA96-A21B-405E-971A-5DFEB4A1FCD3}"
EndProject
Global
	GlobalSection(SolutionConfigurationPlatforms) = preSolution
		Debug|Any CPU = Debug|Any CPU
		Debug|iPhone = Debug|iPhone
		Debug|iPhoneSimulator = Debug|iPhoneSimulator
		Release|Any CPU = Release|Any CPU
		Release|iPhone = Release|iPhone
		Release|iPhoneSimulator = Release|iPhoneSimulator
	EndGlobalSection
	GlobalSection(ProjectConfigurationPlatforms) = postSolution
		{6A495C33-0AFE-4203-9F0B-F73EE9D401DC}.Debug|Any CPU.ActiveCfg = Debug|Any CPU
		{6A495C33-0AFE-4203-9F0B-F73EE9D401DC}.Debug|Any CPU.Build.0 = Debug|Any CPU
		{6A495C33-0AFE-4203-9F0B-F73EE9D401DC}.Debug|Any CPU.Deploy.0 = Debug|Any CPU
		{6A495C33-0AFE-4203-9F0B-F73EE9D401DC}.Debug|iPhone.ActiveCfg = Debug|Any CPU
		{6A495C33-0AFE-4203-9F0B-F73EE9D401DC}.Debug|iPhone.Build.0 = Debug|Any CPU
		{6A495C33-0AFE-4203-9F0B-F73EE9D401DC}.Debug|iPhone.Deploy.0 = Debug|Any CPU
		{6A495C33-0AFE-4203-9F0B-F73EE9D401DC}.Debug|iPhoneSimulator.ActiveCfg = Debug|Any CPU
		{6A495C33-0AFE-4203-9F0B-F73EE9D401DC}.Debug|iPhoneSimulator.Build.0 = Debug|Any CPU
		{6A495C33-0AFE-4203-9F0B-F73EE9D401DC}.Debug|iPhoneSimulator.Deploy.0 = Debug|Any CPU
		{6A495C33-0AFE-4203-9F0B-F73EE9D401DC}.Release|Any CPU.ActiveCfg = Release|Any CPU
		{6A495C33-0AFE-4203-9F0B-F73EE9D401DC}.Release|Any CPU.Build.0 = Release|Any CPU
		{6A495C33-0AFE-4203-9F0B-F73EE9D401DC}.Release|Any CPU.Deploy.0 = Release|Any CPU
		{6A495C33-0AFE-4203-9F0B-F73EE9D401DC}.Release|iPhone.ActiveCfg = Release|Any CPU
		{6A495C33-0AFE-4203-9F0B-F73EE9D401DC}.Release|iPhone.Build.0 = Release|Any CPU
		{6A495C33-0AFE-4203-9F0B-F73EE9D401DC}.Release|iPhone.Deploy.0 = Release|Any CPU
		{6A495C33-0AFE-4203-9F0B-F73EE9D401DC}.Release|iPhoneSimulator.ActiveCfg = Release|Any CPU
		{6A495C33-0AFE-4203-9F0B-F73EE9D401DC}.Release|iPhoneSimulator.Build.0 = Release|Any CPU
		{6A495C33-0AFE-4203-9F0B-F73EE9D401DC}.Release|iPhoneSimulator.Deploy.0 = Release|Any CPU
		{7540728E-C52B-46A5-949D-21E61933FBE7}.Debug|Any CPU.ActiveCfg = Debug|iPhone
		{7540728E-C52B-46A5-949D-21E61933FBE7}.Debug|Any CPU.Build.0 = Debug|iPhone
		{7540728E-C52B-46A5-949D-21E61933FBE7}.Debug|Any CPU.Deploy.0 = Debug|iPhone
		{7540728E-C52B-46A5-949D-21E61933FBE7}.Debug|iPhone.ActiveCfg = Debug|iPhone
		{7540728E-C52B-46A5-949D-21E61933FBE7}.Debug|iPhone.Build.0 = Debug|iPhone
		{7540728E-C52B-46A5-949D-21E61933FBE7}.Debug|iPhone.Deploy.0 = Debug|iPhone
		{7540728E-C52B-46A5-949D-21E61933FBE7}.Debug|iPhoneSimulator.ActiveCfg = Debug|iPhoneSimulator
		{7540728E-C52B-46A5-949D-21E61933FBE7}.Debug|iPhoneSimulator.Build.0 = Debug|iPhoneSimulator
		{7540728E-C52B-46A5-949D-21E61933FBE7}.Debug|iPhoneSimulator.Deploy.0 = Debug|iPhoneSimulator
		{7540728E-C52B-46A5-949D-21E61933FBE7}.Release|Any CPU.ActiveCfg = Release|iPhoneSimulator
		{7540728E-C52B-46A5-949D-21E61933FBE7}.Release|Any CPU.Build.0 = Release|iPhoneSimulator
		{7540728E-C52B-46A5-949D-21E61933FBE7}.Release|Any CPU.Deploy.0 = Release|iPhoneSimulator
		{7540728E-C52B-46A5-949D-21E61933FBE7}.Release|iPhone.ActiveCfg = Release|iPhone
		{7540728E-C52B-46A5-949D-21E61933FBE7}.Release|iPhone.Build.0 = Release|iPhone
		{7540728E-C52B-46A5-949D-21E61933FBE7}.Release|iPhone.Deploy.0 = Release|iPhone
		{7540728E-C52B-46A5-949D-21E61933FBE7}.Release|iPhoneSimulator.ActiveCfg = Release|iPhoneSimulator
		{7540728E-C52B-46A5-949D-21E61933FBE7}.Release|iPhoneSimulator.Build.0 = Release|iPhoneSimulator
		{7540728E-C52B-46A5-949D-21E61933FBE7}.Release|iPhoneSimulator.Deploy.0 = Release|iPhoneSimulator
		{F634CA96-A21B-405E-971A-5DFEB4A1FCD3}.Debug|Any CPU.ActiveCfg = Debug|Any CPU
		{F634CA96-A21B-405E-971A-5DFEB4A1FCD3}.Debug|Any CPU.Build.0 = Debug|Any CPU
		{F634CA96-A21B-405E-971A-5DFEB4A1FCD3}.Debug|Any CPU.Deploy.0 = Debug|Any CPU
		{F634CA96-A21B-405E-971A-5DFEB4A1FCD3}.Debug|iPhone.ActiveCfg = Debug|Any CPU
		{F634CA96-A21B-405E-971A-5DFEB4A1FCD3}.Debug|iPhone.Build.0 = Debug|Any CPU
		{F634CA96-A21B-405E-971A-5DFEB4A1FCD3}.Debug|iPhone.Deploy.0 = Debug|Any CPU
		{F634CA96-A21B-405E-971A-5DFEB4A1FCD3}.Debug|iPhoneSimulator.ActiveCfg = Debug|Any CPU
		{F634CA96-A21B-405E-971A-5DFEB4A1FCD3}.Debug|iPhoneSimulator.Build.0 = Debug|Any CPU
		{F634CA96-A21B-405E-971A-5DFEB4A1FCD3}.Debug|iPhoneSimulator.Deploy.0 = Debug|Any CPU
		{F634CA96-A21B-405E-971A-5DFEB4A1FCD3}.Release|Any CPU.ActiveCfg = Release|Any CPU
		{F634CA96-A21B-405E-971A-5DFEB4A1FCD3}.Release|Any CPU.Build.0 = Release|Any CPU
		{F634CA96-A21B-405E-971A-5DFEB4A1FCD3}.Release|Any CPU.Deploy.0 = Release|Any CPU
		{F634CA96-A21B-405E-971A-5DFEB4A1FCD3}.Release|iPhone.ActiveCfg = Release|Any CPU
		{F634CA96-A21B-405E-971A-5DFEB4A1FCD3}.Release|iPhone.Build.0 = Release|Any CPU
		{F634CA96-A21B-405E-971A-5DFEB4A1FCD3}.Release|iPhone.Deploy.0 = Release|Any CPU
		{F634CA96-A21B-405E-971A-5DFEB4A1FCD3}.Release|iPhoneSimulator.ActiveCfg = Release|Any CPU
		{F634CA96-A21B-405E-971A-5DFEB4A1FCD3}.Release|iPhoneSimulator.Build.0 = Release|Any CPU
		{F634CA96-A21B-405E-971A-5DFEB4A1FCD3}.Release|iPhoneSimulator.Deploy.0 = Release|Any CPU
	EndGlobalSection
	GlobalSection(SolutionProperties) = preSolution
		HideSolutionNode = FALSE
	EndGlobalSection
	GlobalSection(ExtensibilityGlobals) = postSolution
		SolutionGuid = {259409BB-F645-4720-9874-7EC31801924B}
	EndGlobalSection
EndGlobal
